
Microsoft Visual Studio Solution File, Format Version 12.00
# Visual Studio Version 16
VisualStudioVersion = 16.0.29613.14
MinimumVisualStudioVersion = 10.0.40219.1
Project("{F184B08F-C81C-45F6-A57F-5ABD9991F28F}") = "TextBoxAutoComplete", "DropDownExt\TextBoxAutoComplete.vbproj", "{1E7E6EDD-90F3-4299-A693-FC23DAA7957A}"
EndProject
Global
	GlobalSection(SolutionConfigurationPlatforms) = preSolution
		Debug|Any CPU = Debug|Any CPU
		Release|Any CPU = Release|Any CPU
	EndGlobalSection
	GlobalSection(ProjectConfigurationPlatforms) = postSolution
		{1E7E6EDD-90F3-4299-A693-FC23DAA7957A}.Debug|Any CPU.ActiveCfg = Debug|Any CPU
		{1E7E6EDD-90F3-4299-A693-FC23DAA7957A}.Debug|Any CPU.Build.0 = Debug|Any CPU
		{1E7E6EDD-90F3-4299-A693-FC23DAA7957A}.Release|Any CPU.ActiveCfg = Release|Any CPU
		{1E7E6EDD-90F3-4299-A693-FC23DAA7957A}.Release|Any CPU.Build.0 = Release|Any CPU
	EndGlobalSection
	GlobalSection(SolutionProperties) = preSolution
		HideSolutionNode = FALSE
	EndGlobalSection
	GlobalSection(ExtensibilityGlobals) = postSolution
		SolutionGuid = {74FDB1AD-8E66-4C19-9A96-C1D64967CF5A}
	EndGlobalSection
EndGlobal
